// !$*UTF8*$!
{
	archiveVersion = 1;
	classes = {
	};
	objectVersion = 46;
	objects = {

/* Begin PBXBuildFile section */
		A52A438D1D67536B000E9E21 /* NSDateFormatterTests.swift in Sources */ = {isa = PBXBuildFile; fileRef = A52A438C1D67536B000E9E21 /* NSDateFormatterTests.swift */; };
		A56B4FBF1D6749820057D596 /* UIImageView+Initialise.swift in Sources */ = {isa = PBXBuildFile; fileRef = A56B4FBC1D6749820057D596 /* UIImageView+Initialise.swift */; };
		A56B4FC01D6749820057D596 /* UILabel+Initialise.swift in Sources */ = {isa = PBXBuildFile; fileRef = A56B4FBD1D6749820057D596 /* UILabel+Initialise.swift */; };
		A56B4FC11D6749820057D596 /* UIStackView+Initialise.swift in Sources */ = {isa = PBXBuildFile; fileRef = A56B4FBE1D6749820057D596 /* UIStackView+Initialise.swift */; };
		A56B4FC31D6749940057D596 /* NSDateFormatter+Initialise.swift in Sources */ = {isa = PBXBuildFile; fileRef = A56B4FC21D6749940057D596 /* NSDateFormatter+Initialise.swift */; };
		A56B4FC51D6749A30057D596 /* NSNumberFormatter+Initialise.swift in Sources */ = {isa = PBXBuildFile; fileRef = A56B4FC41D6749A30057D596 /* NSNumberFormatter+Initialise.swift */; };
		A57270C31D6CA0AF00892408 /* NSNumberFormatterTests.swift in Sources */ = {isa = PBXBuildFile; fileRef = A57270C21D6CA0AF00892408 /* NSNumberFormatterTests.swift */; };
		A5A94E141D6480C80036B822 /* Initialise.h in Headers */ = {isa = PBXBuildFile; fileRef = A5A94E131D6480C80036B822 /* Initialise.h */; settings = {ATTRIBUTES = (Public, ); }; };
		A5A94E1B1D6480C80036B822 /* Initialise.framework in Frameworks */ = {isa = PBXBuildFile; fileRef = A5A94E101D6480C80036B822 /* Initialise.framework */; };
		A5A94E201D6480C90036B822 /* InitialiseTests.swift in Sources */ = {isa = PBXBuildFile; fileRef = A5A94E1F1D6480C90036B822 /* InitialiseTests.swift */; };
		A5E984031D67528600D2D13D /* UIImageViewTests.swift in Sources */ = {isa = PBXBuildFile; fileRef = A5E984001D67528600D2D13D /* UIImageViewTests.swift */; };
		A5E984041D67528600D2D13D /* UILabelTests.swift in Sources */ = {isa = PBXBuildFile; fileRef = A5E984011D67528600D2D13D /* UILabelTests.swift */; };
		A5E984051D67528600D2D13D /* UIStackViewTests.swift in Sources */ = {isa = PBXBuildFile; fileRef = A5E984021D67528600D2D13D /* UIStackViewTests.swift */; };
		A5EBBF0E1D65A25700DED17F /* Media.xcassets in Resources */ = {isa = PBXBuildFile; fileRef = A5EBBF0D1D65A25700DED17F /* Media.xcassets */; };
		D65B0C0C1D954B2000F90F40 /* UIActivityIndicatorView+Initialise.swift in Sources */ = {isa = PBXBuildFile; fileRef = D65B0C0B1D954B2000F90F40 /* UIActivityIndicatorView+Initialise.swift */; };
		D65B0C0E1D954C1500F90F40 /* UIButton+Initialise.swift in Sources */ = {isa = PBXBuildFile; fileRef = D65B0C0D1D954C1500F90F40 /* UIButton+Initialise.swift */; };
		D65B0C101D954CEF00F90F40 /* UITextField+Initialise.swift in Sources */ = {isa = PBXBuildFile; fileRef = D65B0C0F1D954CEF00F90F40 /* UITextField+Initialise.swift */; };
/* End PBXBuildFile section */

/* Begin PBXContainerItemProxy section */
		A5A94E1C1D6480C80036B822 /* PBXContainerItemProxy */ = {
			isa = PBXContainerItemProxy;
			containerPortal = A5A94E071D6480C80036B822 /* Project object */;
			proxyType = 1;
			remoteGlobalIDString = A5A94E0F1D6480C80036B822;
			remoteInfo = Initialise;
		};
/* End PBXContainerItemProxy section */

/* Begin PBXFileReference section */
		A52A438C1D67536B000E9E21 /* NSDateFormatterTests.swift */ = {isa = PBXFileReference; fileEncoding = 4; lastKnownFileType = sourcecode.swift; path = NSDateFormatterTests.swift; sourceTree = "<group>"; };
		A56B4FBC1D6749820057D596 /* UIImageView+Initialise.swift */ = {isa = PBXFileReference; fileEncoding = 4; lastKnownFileType = sourcecode.swift; path = "UIImageView+Initialise.swift"; sourceTree = "<group>"; };
		A56B4FBD1D6749820057D596 /* UILabel+Initialise.swift */ = {isa = PBXFileReference; fileEncoding = 4; lastKnownFileType = sourcecode.swift; path = "UILabel+Initialise.swift"; sourceTree = "<group>"; };
		A56B4FBE1D6749820057D596 /* UIStackView+Initialise.swift */ = {isa = PBXFileReference; fileEncoding = 4; lastKnownFileType = sourcecode.swift; path = "UIStackView+Initialise.swift"; sourceTree = "<group>"; };
		A56B4FC21D6749940057D596 /* NSDateFormatter+Initialise.swift */ = {isa = PBXFileReference; fileEncoding = 4; lastKnownFileType = sourcecode.swift; path = "NSDateFormatter+Initialise.swift"; sourceTree = "<group>"; };
		A56B4FC41D6749A30057D596 /* NSNumberFormatter+Initialise.swift */ = {isa = PBXFileReference; fileEncoding = 4; lastKnownFileType = sourcecode.swift; path = "NSNumberFormatter+Initialise.swift"; sourceTree = "<group>"; };
		A57270C21D6CA0AF00892408 /* NSNumberFormatterTests.swift */ = {isa = PBXFileReference; fileEncoding = 4; lastKnownFileType = sourcecode.swift; path = NSNumberFormatterTests.swift; sourceTree = "<group>"; };
		A5A94E101D6480C80036B822 /* Initialise.framework */ = {isa = PBXFileReference; explicitFileType = wrapper.framework; includeInIndex = 0; path = Initialise.framework; sourceTree = BUILT_PRODUCTS_DIR; };
		A5A94E131D6480C80036B822 /* Initialise.h */ = {isa = PBXFileReference; lastKnownFileType = sourcecode.c.h; path = Initialise.h; sourceTree = "<group>"; };
		A5A94E151D6480C80036B822 /* Info.plist */ = {isa = PBXFileReference; lastKnownFileType = text.plist.xml; path = Info.plist; sourceTree = "<group>"; };
		A5A94E1A1D6480C80036B822 /* InitialiseTests.xctest */ = {isa = PBXFileReference; explicitFileType = wrapper.cfbundle; includeInIndex = 0; path = InitialiseTests.xctest; sourceTree = BUILT_PRODUCTS_DIR; };
		A5A94E1F1D6480C90036B822 /* InitialiseTests.swift */ = {isa = PBXFileReference; lastKnownFileType = sourcecode.swift; path = InitialiseTests.swift; sourceTree = "<group>"; };
		A5A94E211D6480C90036B822 /* Info.plist */ = {isa = PBXFileReference; lastKnownFileType = text.plist.xml; path = Info.plist; sourceTree = "<group>"; };
		A5E984001D67528600D2D13D /* UIImageViewTests.swift */ = {isa = PBXFileReference; fileEncoding = 4; lastKnownFileType = sourcecode.swift; path = UIImageViewTests.swift; sourceTree = "<group>"; };
		A5E984011D67528600D2D13D /* UILabelTests.swift */ = {isa = PBXFileReference; fileEncoding = 4; lastKnownFileType = sourcecode.swift; path = UILabelTests.swift; sourceTree = "<group>"; };
		A5E984021D67528600D2D13D /* UIStackViewTests.swift */ = {isa = PBXFileReference; fileEncoding = 4; lastKnownFileType = sourcecode.swift; path = UIStackViewTests.swift; sourceTree = "<group>"; };
		A5EBBF0D1D65A25700DED17F /* Media.xcassets */ = {isa = PBXFileReference; lastKnownFileType = folder.assetcatalog; path = Media.xcassets; sourceTree = "<group>"; };
		D65B0C0B1D954B2000F90F40 /* UIActivityIndicatorView+Initialise.swift */ = {isa = PBXFileReference; fileEncoding = 4; lastKnownFileType = sourcecode.swift; path = "UIActivityIndicatorView+Initialise.swift"; sourceTree = "<group>"; };
		D65B0C0D1D954C1500F90F40 /* UIButton+Initialise.swift */ = {isa = PBXFileReference; fileEncoding = 4; lastKnownFileType = sourcecode.swift; path = "UIButton+Initialise.swift"; sourceTree = "<group>"; };
		D65B0C0F1D954CEF00F90F40 /* UITextField+Initialise.swift */ = {isa = PBXFileReference; fileEncoding = 4; lastKnownFileType = sourcecode.swift; path = "UITextField+Initialise.swift"; sourceTree = "<group>"; };
/* End PBXFileReference section */

/* Begin PBXFrameworksBuildPhase section */
		A5A94E0C1D6480C80036B822 /* Frameworks */ = {
			isa = PBXFrameworksBuildPhase;
			buildActionMask = 2147483647;
			files = (
			);
			runOnlyForDeploymentPostprocessing = 0;
		};
		A5A94E171D6480C80036B822 /* Frameworks */ = {
			isa = PBXFrameworksBuildPhase;
			buildActionMask = 2147483647;
			files = (
				A5A94E1B1D6480C80036B822 /* Initialise.framework in Frameworks */,
			);
			runOnlyForDeploymentPostprocessing = 0;
		};
/* End PBXFrameworksBuildPhase section */

/* Begin PBXGroup section */
		A56B4FBA1D6749820057D596 /* Foundation */ = {
			isa = PBXGroup;
			children = (
				A56B4FC21D6749940057D596 /* NSDateFormatter+Initialise.swift */,
				A56B4FC41D6749A30057D596 /* NSNumberFormatter+Initialise.swift */,
			);
			path = Foundation;
			sourceTree = "<group>";
		};
		A56B4FBB1D6749820057D596 /* UIKit */ = {
			isa = PBXGroup;
			children = (
				A56B4FBC1D6749820057D596 /* UIImageView+Initialise.swift */,
				A56B4FBD1D6749820057D596 /* UILabel+Initialise.swift */,
				A56B4FBE1D6749820057D596 /* UIStackView+Initialise.swift */,
				D65B0C0B1D954B2000F90F40 /* UIActivityIndicatorView+Initialise.swift */,
				D65B0C0D1D954C1500F90F40 /* UIButton+Initialise.swift */,
				D65B0C0F1D954CEF00F90F40 /* UITextField+Initialise.swift */,
			);
			path = UIKit;
			sourceTree = "<group>";
		};
		A5A94E061D6480C80036B822 = {
			isa = PBXGroup;
			children = (
				A5A94E121D6480C80036B822 /* Initialise */,
				A5A94E1E1D6480C90036B822 /* InitialiseTests */,
				A5A94E111D6480C80036B822 /* Products */,
			);
			sourceTree = "<group>";
		};
		A5A94E111D6480C80036B822 /* Products */ = {
			isa = PBXGroup;
			children = (
				A5A94E101D6480C80036B822 /* Initialise.framework */,
				A5A94E1A1D6480C80036B822 /* InitialiseTests.xctest */,
			);
			name = Products;
			sourceTree = "<group>";
		};
		A5A94E121D6480C80036B822 /* Initialise */ = {
			isa = PBXGroup;
			children = (
				A5A94E131D6480C80036B822 /* Initialise.h */,
				A56B4FBA1D6749820057D596 /* Foundation */,
				A56B4FBB1D6749820057D596 /* UIKit */,
				A5A94E151D6480C80036B822 /* Info.plist */,
			);
			path = Initialise;
			sourceTree = "<group>";
		};
		A5A94E1E1D6480C90036B822 /* InitialiseTests */ = {
			isa = PBXGroup;
			children = (
				A5A94E1F1D6480C90036B822 /* InitialiseTests.swift */,
				A5E983FE1D67528600D2D13D /* Foundation Tests */,
				A5E983FF1D67528600D2D13D /* UIKit Tests */,
				A5EBBF0D1D65A25700DED17F /* Media.xcassets */,
				A5A94E211D6480C90036B822 /* Info.plist */,
			);
			path = InitialiseTests;
			sourceTree = "<group>";
		};
		A5E983FE1D67528600D2D13D /* Foundation Tests */ = {
			isa = PBXGroup;
			children = (
				A52A438C1D67536B000E9E21 /* NSDateFormatterTests.swift */,
				A57270C21D6CA0AF00892408 /* NSNumberFormatterTests.swift */,
			);
			path = "Foundation Tests";
			sourceTree = "<group>";
		};
		A5E983FF1D67528600D2D13D /* UIKit Tests */ = {
			isa = PBXGroup;
			children = (
				A5E984001D67528600D2D13D /* UIImageViewTests.swift */,
				A5E984011D67528600D2D13D /* UILabelTests.swift */,
				A5E984021D67528600D2D13D /* UIStackViewTests.swift */,
			);
			path = "UIKit Tests";
			sourceTree = "<group>";
		};
/* End PBXGroup section */

/* Begin PBXHeadersBuildPhase section */
		A5A94E0D1D6480C80036B822 /* Headers */ = {
			isa = PBXHeadersBuildPhase;
			buildActionMask = 2147483647;
			files = (
				A5A94E141D6480C80036B822 /* Initialise.h in Headers */,
			);
			runOnlyForDeploymentPostprocessing = 0;
		};
/* End PBXHeadersBuildPhase section */

/* Begin PBXNativeTarget section */
		A5A94E0F1D6480C80036B822 /* Initialise */ = {
			isa = PBXNativeTarget;
			buildConfigurationList = A5A94E241D6480C90036B822 /* Build configuration list for PBXNativeTarget "Initialise" */;
			buildPhases = (
				A5A94E0B1D6480C80036B822 /* Sources */,
				A5A94E0C1D6480C80036B822 /* Frameworks */,
				A5A94E0D1D6480C80036B822 /* Headers */,
				A5A94E0E1D6480C80036B822 /* Resources */,
			);
			buildRules = (
			);
			dependencies = (
			);
			name = Initialise;
			productName = Initialise;
			productReference = A5A94E101D6480C80036B822 /* Initialise.framework */;
			productType = "com.apple.product-type.framework";
		};
		A5A94E191D6480C80036B822 /* InitialiseTests */ = {
			isa = PBXNativeTarget;
			buildConfigurationList = A5A94E271D6480C90036B822 /* Build configuration list for PBXNativeTarget "InitialiseTests" */;
			buildPhases = (
				A5A94E161D6480C80036B822 /* Sources */,
				A5A94E171D6480C80036B822 /* Frameworks */,
				A5A94E181D6480C80036B822 /* Resources */,
			);
			buildRules = (
			);
			dependencies = (
				A5A94E1D1D6480C80036B822 /* PBXTargetDependency */,
			);
			name = InitialiseTests;
			productName = InitialiseTests;
			productReference = A5A94E1A1D6480C80036B822 /* InitialiseTests.xctest */;
			productType = "com.apple.product-type.bundle.unit-test";
		};
/* End PBXNativeTarget section */

/* Begin PBXProject section */
		A5A94E071D6480C80036B822 /* Project object */ = {
			isa = PBXProject;
			attributes = {
				LastSwiftUpdateCheck = 0730;
				LastUpgradeCheck = 0800;
				ORGANIZATIONNAME = "Josh Campion";
				TargetAttributes = {
					A5A94E0F1D6480C80036B822 = {
						CreatedOnToolsVersion = 7.3.1;
						LastSwiftMigration = 0800;
					};
					A5A94E191D6480C80036B822 = {
						CreatedOnToolsVersion = 7.3.1;
						LastSwiftMigration = 0800;
					};
				};
			};
			buildConfigurationList = A5A94E0A1D6480C80036B822 /* Build configuration list for PBXProject "Initialise" */;
			compatibilityVersion = "Xcode 3.2";
			developmentRegion = English;
			hasScannedForEncodings = 0;
			knownRegions = (
				en,
			);
			mainGroup = A5A94E061D6480C80036B822;
			productRefGroup = A5A94E111D6480C80036B822 /* Products */;
			projectDirPath = "";
			projectRoot = "";
			targets = (
				A5A94E0F1D6480C80036B822 /* Initialise */,
				A5A94E191D6480C80036B822 /* InitialiseTests */,
			);
		};
/* End PBXProject section */

/* Begin PBXResourcesBuildPhase section */
		A5A94E0E1D6480C80036B822 /* Resources */ = {
			isa = PBXResourcesBuildPhase;
			buildActionMask = 2147483647;
			files = (
			);
			runOnlyForDeploymentPostprocessing = 0;
		};
		A5A94E181D6480C80036B822 /* Resources */ = {
			isa = PBXResourcesBuildPhase;
			buildActionMask = 2147483647;
			files = (
				A5EBBF0E1D65A25700DED17F /* Media.xcassets in Resources */,
			);
			runOnlyForDeploymentPostprocessing = 0;
		};
/* End PBXResourcesBuildPhase section */

/* Begin PBXSourcesBuildPhase section */
		A5A94E0B1D6480C80036B822 /* Sources */ = {
			isa = PBXSourcesBuildPhase;
			buildActionMask = 2147483647;
			files = (
				D65B0C0C1D954B2000F90F40 /* UIActivityIndicatorView+Initialise.swift in Sources */,
				A56B4FC31D6749940057D596 /* NSDateFormatter+Initialise.swift in Sources */,
				A56B4FC01D6749820057D596 /* UILabel+Initialise.swift in Sources */,
				A56B4FBF1D6749820057D596 /* UIImageView+Initialise.swift in Sources */,
				D65B0C101D954CEF00F90F40 /* UITextField+Initialise.swift in Sources */,
				D65B0C0E1D954C1500F90F40 /* UIButton+Initialise.swift in Sources */,
				A56B4FC51D6749A30057D596 /* NSNumberFormatter+Initialise.swift in Sources */,
				A56B4FC11D6749820057D596 /* UIStackView+Initialise.swift in Sources */,
			);
			runOnlyForDeploymentPostprocessing = 0;
		};
		A5A94E161D6480C80036B822 /* Sources */ = {
			isa = PBXSourcesBuildPhase;
			buildActionMask = 2147483647;
			files = (
				A5E984031D67528600D2D13D /* UIImageViewTests.swift in Sources */,
				A5E984051D67528600D2D13D /* UIStackViewTests.swift in Sources */,
				A5A94E201D6480C90036B822 /* InitialiseTests.swift in Sources */,
				A5E984041D67528600D2D13D /* UILabelTests.swift in Sources */,
				A52A438D1D67536B000E9E21 /* NSDateFormatterTests.swift in Sources */,
				A57270C31D6CA0AF00892408 /* NSNumberFormatterTests.swift in Sources */,
			);
			runOnlyForDeploymentPostprocessing = 0;
		};
/* End PBXSourcesBuildPhase section */

/* Begin PBXTargetDependency section */
		A5A94E1D1D6480C80036B822 /* PBXTargetDependency */ = {
			isa = PBXTargetDependency;
			target = A5A94E0F1D6480C80036B822 /* Initialise */;
			targetProxy = A5A94E1C1D6480C80036B822 /* PBXContainerItemProxy */;
		};
/* End PBXTargetDependency section */

/* Begin XCBuildConfiguration section */
		A5A94E221D6480C90036B822 /* Debug */ = {
			isa = XCBuildConfiguration;
			buildSettings = {
				ALWAYS_SEARCH_USER_PATHS = NO;
				CLANG_ANALYZER_NONNULL = YES;
				CLANG_CXX_LANGUAGE_STANDARD = "gnu++0x";
				CLANG_CXX_LIBRARY = "libc++";
				CLANG_ENABLE_MODULES = YES;
				CLANG_ENABLE_OBJC_ARC = YES;
				CLANG_WARN_BOOL_CONVERSION = YES;
				CLANG_WARN_CONSTANT_CONVERSION = YES;
				CLANG_WARN_DIRECT_OBJC_ISA_USAGE = YES_ERROR;
				CLANG_WARN_EMPTY_BODY = YES;
				CLANG_WARN_ENUM_CONVERSION = YES;
				CLANG_WARN_INT_CONVERSION = YES;
				CLANG_WARN_OBJC_ROOT_CLASS = YES_ERROR;
				CLANG_WARN_UNREACHABLE_CODE = YES;
				CLANG_WARN__DUPLICATE_METHOD_MATCH = YES;
				"CODE_SIGN_IDENTITY[sdk=iphoneos*]" = "iPhone Developer";
				COPY_PHASE_STRIP = NO;
				CURRENT_PROJECT_VERSION = 1;
				DEBUG_INFORMATION_FORMAT = dwarf;
				ENABLE_STRICT_OBJC_MSGSEND = YES;
				ENABLE_TESTABILITY = YES;
				GCC_C_LANGUAGE_STANDARD = gnu99;
				GCC_DYNAMIC_NO_PIC = NO;
				GCC_NO_COMMON_BLOCKS = YES;
				GCC_OPTIMIZATION_LEVEL = 0;
				GCC_PREPROCESSOR_DEFINITIONS = (
					"DEBUG=1",
					"$(inherited)",
				);
				GCC_WARN_64_TO_32_BIT_CONVERSION = YES;
				GCC_WARN_ABOUT_RETURN_TYPE = YES_ERROR;
				GCC_WARN_UNDECLARED_SELECTOR = YES;
				GCC_WARN_UNINITIALIZED_AUTOS = YES_AGGRESSIVE;
				GCC_WARN_UNUSED_FUNCTION = YES;
				GCC_WARN_UNUSED_VARIABLE = YES;
				IPHONEOS_DEPLOYMENT_TARGET = 9.3;
				MTL_ENABLE_DEBUG_INFO = YES;
				ONLY_ACTIVE_ARCH = YES;
				SDKROOT = iphoneos;
				SWIFT_OPTIMIZATION_LEVEL = "-Onone";
				TARGETED_DEVICE_FAMILY = "1,2";
				VERSIONING_SYSTEM = "apple-generic";
				VERSION_INFO_PREFIX = "";
			};
			name = Debug;
		};
		A5A94E231D6480C90036B822 /* Release */ = {
			isa = XCBuildConfiguration;
			buildSettings = {
				ALWAYS_SEARCH_USER_PATHS = NO;
				CLANG_ANALYZER_NONNULL = YES;
				CLANG_CXX_LANGUAGE_STANDARD = "gnu++0x";
				CLANG_CXX_LIBRARY = "libc++";
				CLANG_ENABLE_MODULES = YES;
				CLANG_ENABLE_OBJC_ARC = YES;
				CLANG_WARN_BOOL_CONVERSION = YES;
				CLANG_WARN_CONSTANT_CONVERSION = YES;
				CLANG_WARN_DIRECT_OBJC_ISA_USAGE = YES_ERROR;
				CLANG_WARN_EMPTY_BODY = YES;
				CLANG_WARN_ENUM_CONVERSION = YES;
				CLANG_WARN_INT_CONVERSION = YES;
				CLANG_WARN_OBJC_ROOT_CLASS = YES_ERROR;
				CLANG_WARN_UNREACHABLE_CODE = YES;
				CLANG_WARN__DUPLICATE_METHOD_MATCH = YES;
				"CODE_SIGN_IDENTITY[sdk=iphoneos*]" = "iPhone Developer";
				COPY_PHASE_STRIP = NO;
				CURRENT_PROJECT_VERSION = 1;
				DEBUG_INFORMATION_FORMAT = "dwarf-with-dsym";
				ENABLE_NS_ASSERTIONS = NO;
				ENABLE_STRICT_OBJC_MSGSEND = YES;
				GCC_C_LANGUAGE_STANDARD = gnu99;
				GCC_NO_COMMON_BLOCKS = YES;
				GCC_WARN_64_TO_32_BIT_CONVERSION = YES;
				GCC_WARN_ABOUT_RETURN_TYPE = YES_ERROR;
				GCC_WARN_UNDECLARED_SELECTOR = YES;
				GCC_WARN_UNINITIALIZED_AUTOS = YES_AGGRESSIVE;
				GCC_WARN_UNUSED_FUNCTION = YES;
				GCC_WARN_UNUSED_VARIABLE = YES;
				IPHONEOS_DEPLOYMENT_TARGET = 9.3;
				MTL_ENABLE_DEBUG_INFO = NO;
				SDKROOT = iphoneos;
				TARGETED_DEVICE_FAMILY = "1,2";
				VALIDATE_PRODUCT = YES;
				VERSIONING_SYSTEM = "apple-generic";
				VERSION_INFO_PREFIX = "";
			};
			name = Release;
		};
		A5A94E251D6480C90036B822 /* Debug */ = {
			isa = XCBuildConfiguration;
			buildSettings = {
				APPLICATION_EXTENSION_API_ONLY = YES;
				CLANG_ENABLE_MODULES = YES;
				DEFINES_MODULE = YES;
				DYLIB_COMPATIBILITY_VERSION = 1;
				DYLIB_CURRENT_VERSION = 1;
				DYLIB_INSTALL_NAME_BASE = "@rpath";
				INFOPLIST_FILE = Initialise/Info.plist;
				INSTALL_PATH = "$(LOCAL_LIBRARY_DIR)/Frameworks";
				IPHONEOS_DEPLOYMENT_TARGET = 8.0;
				LD_RUNPATH_SEARCH_PATHS = "$(inherited) @executable_path/Frameworks @loader_path/Frameworks";
				PRODUCT_BUNDLE_IDENTIFIER = uk.co.joshcampion.Initialise;
				PRODUCT_NAME = "$(TARGET_NAME)";
				SKIP_INSTALL = YES;
				SWIFT_OPTIMIZATION_LEVEL = "-Onone";
				SWIFT_VERSION = 3.0;
			};
			name = Debug;
		};
		A5A94E261D6480C90036B822 /* Release */ = {
			isa = XCBuildConfiguration;
			buildSettings = {
				APPLICATION_EXTENSION_API_ONLY = YES;
				CLANG_ENABLE_MODULES = YES;
				DEFINES_MODULE = YES;
				DYLIB_COMPATIBILITY_VERSION = 1;
				DYLIB_CURRENT_VERSION = 1;
				DYLIB_INSTALL_NAME_BASE = "@rpath";
				INFOPLIST_FILE = Initialise/Info.plist;
				INSTALL_PATH = "$(LOCAL_LIBRARY_DIR)/Frameworks";
				IPHONEOS_DEPLOYMENT_TARGET = 8.0;
				LD_RUNPATH_SEARCH_PATHS = "$(inherited) @executable_path/Frameworks @loader_path/Frameworks";
				PRODUCT_BUNDLE_IDENTIFIER = uk.co.joshcampion.Initialise;
				PRODUCT_NAME = "$(TARGET_NAME)";
				SKIP_INSTALL = YES;
				SWIFT_OPTIMIZATION_LEVEL = "-Owholemodule";
				SWIFT_VERSION = 3.0;
			};
			name = Release;
		};
		A5A94E281D6480C90036B822 /* Debug */ = {
			isa = XCBuildConfiguration;
			buildSettings = {
				INFOPLIST_FILE = InitialiseTests/Info.plist;
				LD_RUNPATH_SEARCH_PATHS = "$(inherited) @executable_path/Frameworks @loader_path/Frameworks";
				PRODUCT_BUNDLE_IDENTIFIER = uk.co.joshcampion.InitialiseTests;
				PRODUCT_NAME = "$(TARGET_NAME)";
				SWIFT_VERSION = 3.0;
			};
			name = Debug;
		};
		A5A94E291D6480C90036B822 /* Release */ = {
			isa = XCBuildConfiguration;
			buildSettings = {
				INFOPLIST_FILE = InitialiseTests/Info.plist;
				LD_RUNPATH_SEARCH_PATHS = "$(inherited) @executable_path/Frameworks @loader_path/Frameworks";
				PRODUCT_BUNDLE_IDENTIFIER = uk.co.joshcampion.InitialiseTests;
				PRODUCT_NAME = "$(TARGET_NAME)";
				SWIFT_OPTIMIZATION_LEVEL = "-Owholemodule";
				SWIFT_VERSION = 3.0;
			};
			name = Release;
		};
/* End XCBuildConfiguration section */

/* Begin XCConfigurationList section */
		A5A94E0A1D6480C80036B822 /* Build configuration list for PBXProject "Initialise" */ = {
			isa = XCConfigurationList;
			buildConfigurations = (
				A5A94E221D6480C90036B822 /* Debug */,
				A5A94E231D6480C90036B822 /* Release */,
			);
			defaultConfigurationIsVisible = 0;
			defaultConfigurationName = Release;
		};
		A5A94E241D6480C90036B822 /* Build configuration list for PBXNativeTarget "Initialise" */ = {
			isa = XCConfigurationList;
			buildConfigurations = (
				A5A94E251D6480C90036B822 /* Debug */,
				A5A94E261D6480C90036B822 /* Release */,
			);
			defaultConfigurationIsVisible = 0;
			defaultConfigurationName = Release;
		};
		A5A94E271D6480C90036B822 /* Build configuration list for PBXNativeTarget "InitialiseTests" */ = {
			isa = XCConfigurationList;
			buildConfigurations = (
				A5A94E281D6480C90036B822 /* Debug */,
				A5A94E291D6480C90036B822 /* Release */,
			);
			defaultConfigurationIsVisible = 0;
			defaultConfigurationName = Release;
		};
/* End XCConfigurationList section */
	};
	rootObject = A5A94E071D6480C80036B822 /* Project object */;
}
